// !$*UTF8*$!
{
	archiveVersion = 1;
	classes = {
	};
	objectVersion = 46;
	objects = {

/* Begin PBXBuildFile section */
		987697371E2EAE830017E1F0 /* FeedViewController.swift in Sources */ = {isa = PBXBuildFile; fileRef = 987697361E2EAE830017E1F0 /* FeedViewController.swift */; };
		987697391E2FD6E60017E1F0 /* PostedTableViewCell.swift in Sources */ = {isa = PBXBuildFile; fileRef = 987697381E2FD6E60017E1F0 /* PostedTableViewCell.swift */; };
		9876973C1E2FE99A0017E1F0 /* DataService.swift in Sources */ = {isa = PBXBuildFile; fileRef = 9876973B1E2FE99A0017E1F0 /* DataService.swift */; };
		9876973E1E300CC30017E1F0 /* rick_grimes.gif in Resources */ = {isa = PBXBuildFile; fileRef = 9876973D1E300CC30017E1F0 /* rick_grimes.gif */; };
		987697401E301A610017E1F0 /* PostData.swift in Sources */ = {isa = PBXBuildFile; fileRef = 9876973F1E301A610017E1F0 /* PostData.swift */; };
		98959B6F1E2D4D94005835A2 /* AppDelegate.swift in Sources */ = {isa = PBXBuildFile; fileRef = 98959B6E1E2D4D94005835A2 /* AppDelegate.swift */; };
		98959B711E2D4D94005835A2 /* SignInVC.swift in Sources */ = {isa = PBXBuildFile; fileRef = 98959B701E2D4D94005835A2 /* SignInVC.swift */; };
		98959B741E2D4D94005835A2 /* Main.storyboard in Resources */ = {isa = PBXBuildFile; fileRef = 98959B721E2D4D94005835A2 /* Main.storyboard */; };
		98959B761E2D4D94005835A2 /* Assets.xcassets in Resources */ = {isa = PBXBuildFile; fileRef = 98959B751E2D4D94005835A2 /* Assets.xcassets */; };
		98959B791E2D4D94005835A2 /* LaunchScreen.storyboard in Resources */ = {isa = PBXBuildFile; fileRef = 98959B771E2D4D94005835A2 /* LaunchScreen.storyboard */; };
		98959B811E2D5DC4005835A2 /* GoogleService-Info.plist in Resources */ = {isa = PBXBuildFile; fileRef = 98959B801E2D5DC4005835A2 /* GoogleService-Info.plist */; };
		98959B861E2D5ED2005835A2 /* CustomView.swift in Sources */ = {isa = PBXBuildFile; fileRef = 98959B851E2D5ED2005835A2 /* CustomView.swift */; };
		98959B8B1E2D67D0005835A2 /* Bolts.framework in Frameworks */ = {isa = PBXBuildFile; fileRef = 98959B871E2D67D0005835A2 /* Bolts.framework */; };
		98959B8C1E2D67D0005835A2 /* FBSDKCoreKit.framework in Frameworks */ = {isa = PBXBuildFile; fileRef = 98959B881E2D67D0005835A2 /* FBSDKCoreKit.framework */; };
		98959B8D1E2D67D0005835A2 /* FBSDKLoginKit.framework in Frameworks */ = {isa = PBXBuildFile; fileRef = 98959B891E2D67D0005835A2 /* FBSDKLoginKit.framework */; };
		98959B8E1E2D67D0005835A2 /* FBSDKShareKit.framework in Frameworks */ = {isa = PBXBuildFile; fileRef = 98959B8A1E2D67D0005835A2 /* FBSDKShareKit.framework */; };
		F113683B96F6843E058A48B8 /* Pods_ConnectIdeas.framework in Frameworks */ = {isa = PBXBuildFile; fileRef = 1C9C131411A1A53C3DC6EB06 /* Pods_ConnectIdeas.framework */; };
/* End PBXBuildFile section */

/* Begin PBXFileReference section */
		1C9C131411A1A53C3DC6EB06 /* Pods_ConnectIdeas.framework */ = {isa = PBXFileReference; explicitFileType = wrapper.framework; includeInIndex = 0; path = Pods_ConnectIdeas.framework; sourceTree = BUILT_PRODUCTS_DIR; };
		987697361E2EAE830017E1F0 /* FeedViewController.swift */ = {isa = PBXFileReference; fileEncoding = 4; lastKnownFileType = sourcecode.swift; path = FeedViewController.swift; sourceTree = "<group>"; };
		987697381E2FD6E60017E1F0 /* PostedTableViewCell.swift */ = {isa = PBXFileReference; fileEncoding = 4; lastKnownFileType = sourcecode.swift; path = PostedTableViewCell.swift; sourceTree = "<group>"; };
		9876973B1E2FE99A0017E1F0 /* DataService.swift */ = {isa = PBXFileReference; fileEncoding = 4; lastKnownFileType = sourcecode.swift; path = DataService.swift; sourceTree = "<group>"; };
		9876973D1E300CC30017E1F0 /* rick_grimes.gif */ = {isa = PBXFileReference; lastKnownFileType = image.gif; path = rick_grimes.gif; sourceTree = "<group>"; };
		9876973F1E301A610017E1F0 /* PostData.swift */ = {isa = PBXFileReference; fileEncoding = 4; lastKnownFileType = sourcecode.swift; path = PostData.swift; sourceTree = "<group>"; };
		98959B6B1E2D4D94005835A2 /* ConnectIdeas.app */ = {isa = PBXFileReference; explicitFileType = wrapper.application; includeInIndex = 0; path = ConnectIdeas.app; sourceTree = BUILT_PRODUCTS_DIR; };
		98959B6E1E2D4D94005835A2 /* AppDelegate.swift */ = {isa = PBXFileReference; lastKnownFileType = sourcecode.swift; path = AppDelegate.swift; sourceTree = "<group>"; };
		98959B701E2D4D94005835A2 /* SignInVC.swift */ = {isa = PBXFileReference; lastKnownFileType = sourcecode.swift; path = SignInVC.swift; sourceTree = "<group>"; };
		98959B731E2D4D94005835A2 /* Base */ = {isa = PBXFileReference; lastKnownFileType = file.storyboard; name = Base; path = Base.lproj/Main.storyboard; sourceTree = "<group>"; };
		98959B751E2D4D94005835A2 /* Assets.xcassets */ = {isa = PBXFileReference; lastKnownFileType = folder.assetcatalog; path = Assets.xcassets; sourceTree = "<group>"; };
		98959B781E2D4D94005835A2 /* Base */ = {isa = PBXFileReference; lastKnownFileType = file.storyboard; name = Base; path = Base.lproj/LaunchScreen.storyboard; sourceTree = "<group>"; };
		98959B7A1E2D4D94005835A2 /* Info.plist */ = {isa = PBXFileReference; lastKnownFileType = text.plist.xml; path = Info.plist; sourceTree = "<group>"; };
		98959B801E2D5DC4005835A2 /* GoogleService-Info.plist */ = {isa = PBXFileReference; fileEncoding = 4; lastKnownFileType = text.plist.xml; path = "GoogleService-Info.plist"; sourceTree = "<group>"; };
		98959B851E2D5ED2005835A2 /* CustomView.swift */ = {isa = PBXFileReference; fileEncoding = 4; lastKnownFileType = sourcecode.swift; path = CustomView.swift; sourceTree = "<group>"; };
		98959B871E2D67D0005835A2 /* Bolts.framework */ = {isa = PBXFileReference; lastKnownFileType = wrapper.framework; path = Bolts.framework; sourceTree = "<group>"; };
		98959B881E2D67D0005835A2 /* FBSDKCoreKit.framework */ = {isa = PBXFileReference; lastKnownFileType = wrapper.framework; path = FBSDKCoreKit.framework; sourceTree = "<group>"; };
		98959B891E2D67D0005835A2 /* FBSDKLoginKit.framework */ = {isa = PBXFileReference; lastKnownFileType = wrapper.framework; path = FBSDKLoginKit.framework; sourceTree = "<group>"; };
		98959B8A1E2D67D0005835A2 /* FBSDKShareKit.framework */ = {isa = PBXFileReference; lastKnownFileType = wrapper.framework; path = FBSDKShareKit.framework; sourceTree = "<group>"; };
		B22D423C8CDCB112A0A9F178 /* Pods-ConnectIdeas.release.xcconfig */ = {isa = PBXFileReference; includeInIndex = 1; lastKnownFileType = text.xcconfig; name = "Pods-ConnectIdeas.release.xcconfig"; path = "Pods/Target Support Files/Pods-ConnectIdeas/Pods-ConnectIdeas.release.xcconfig"; sourceTree = "<group>"; };
		B2C02367467992116D72334F /* Pods-ConnectIdeas.debug.xcconfig */ = {isa = PBXFileReference; includeInIndex = 1; lastKnownFileType = text.xcconfig; name = "Pods-ConnectIdeas.debug.xcconfig"; path = "Pods/Target Support Files/Pods-ConnectIdeas/Pods-ConnectIdeas.debug.xcconfig"; sourceTree = "<group>"; };
/* End PBXFileReference section */

/* Begin PBXFrameworksBuildPhase section */
		98959B681E2D4D94005835A2 /* Frameworks */ = {
			isa = PBXFrameworksBuildPhase;
			buildActionMask = 2147483647;
			files = (
				F113683B96F6843E058A48B8 /* Pods_ConnectIdeas.framework in Frameworks */,
				98959B8C1E2D67D0005835A2 /* FBSDKCoreKit.framework in Frameworks */,
				98959B8E1E2D67D0005835A2 /* FBSDKShareKit.framework in Frameworks */,
				98959B8D1E2D67D0005835A2 /* FBSDKLoginKit.framework in Frameworks */,
				98959B8B1E2D67D0005835A2 /* Bolts.framework in Frameworks */,
			);
			runOnlyForDeploymentPostprocessing = 0;
		};
/* End PBXFrameworksBuildPhase section */

/* Begin PBXGroup section */
		0864230C224AA80F30FB9A1F /* Frameworks */ = {
			isa = PBXGroup;
			children = (
				98959B871E2D67D0005835A2 /* Bolts.framework */,
				98959B881E2D67D0005835A2 /* FBSDKCoreKit.framework */,
				98959B891E2D67D0005835A2 /* FBSDKLoginKit.framework */,
				98959B8A1E2D67D0005835A2 /* FBSDKShareKit.framework */,
				1C9C131411A1A53C3DC6EB06 /* Pods_ConnectIdeas.framework */,
			);
			name = Frameworks;
			sourceTree = "<group>";
		};
		80BF265F5B94CC51638CEB55 /* Pods */ = {
			isa = PBXGroup;
			children = (
				B2C02367467992116D72334F /* Pods-ConnectIdeas.debug.xcconfig */,
				B22D423C8CDCB112A0A9F178 /* Pods-ConnectIdeas.release.xcconfig */,
			);
			name = Pods;
			sourceTree = "<group>";
		};
		9876973A1E2FE97A0017E1F0 /* Reusable */ = {
			isa = PBXGroup;
			children = (
				9876973B1E2FE99A0017E1F0 /* DataService.swift */,
			);
			name = Reusable;
			sourceTree = "<group>";
		};
		98959B621E2D4D94005835A2 = {
			isa = PBXGroup;
			children = (
				98959B6D1E2D4D94005835A2 /* ConnectIdeas */,
				98959B6C1E2D4D94005835A2 /* Products */,
				80BF265F5B94CC51638CEB55 /* Pods */,
				0864230C224AA80F30FB9A1F /* Frameworks */,
			);
			sourceTree = "<group>";
		};
		98959B6C1E2D4D94005835A2 /* Products */ = {
			isa = PBXGroup;
			children = (
				98959B6B1E2D4D94005835A2 /* ConnectIdeas.app */,
			);
			name = Products;
			sourceTree = "<group>";
		};
		98959B6D1E2D4D94005835A2 /* ConnectIdeas */ = {
			isa = PBXGroup;
			children = (
				98959B841E2D5EB4005835A2 /* Controller */,
				9876973A1E2FE97A0017E1F0 /* Reusable */,
				98959B821E2D5EA8005835A2 /* Model */,
				98959B831E2D5EAF005835A2 /* View */,
				98959B801E2D5DC4005835A2 /* GoogleService-Info.plist */,
				98959B6E1E2D4D94005835A2 /* AppDelegate.swift */,
				98959B721E2D4D94005835A2 /* Main.storyboard */,
				98959B751E2D4D94005835A2 /* Assets.xcassets */,
				9876973D1E300CC30017E1F0 /* rick_grimes.gif */,
				98959B771E2D4D94005835A2 /* LaunchScreen.storyboard */,
				98959B7A1E2D4D94005835A2 /* Info.plist */,
			);
			path = ConnectIdeas;
			sourceTree = "<group>";
		};
		98959B821E2D5EA8005835A2 /* Model */ = {
			isa = PBXGroup;
			children = (
				9876973F1E301A610017E1F0 /* PostData.swift */,
			);
			name = Model;
			sourceTree = "<group>";
		};
		98959B831E2D5EAF005835A2 /* View */ = {
			isa = PBXGroup;
			children = (
				98959B851E2D5ED2005835A2 /* CustomView.swift */,
				987697381E2FD6E60017E1F0 /* PostedTableViewCell.swift */,
			);
			name = View;
			sourceTree = "<group>";
		};
		98959B841E2D5EB4005835A2 /* Controller */ = {
			isa = PBXGroup;
			children = (
				98959B701E2D4D94005835A2 /* SignInVC.swift */,
				987697361E2EAE830017E1F0 /* FeedViewController.swift */,
			);
			name = Controller;
			sourceTree = "<group>";
		};
/* End PBXGroup section */

/* Begin PBXNativeTarget section */
		98959B6A1E2D4D94005835A2 /* ConnectIdeas */ = {
			isa = PBXNativeTarget;
			buildConfigurationList = 98959B7D1E2D4D94005835A2 /* Build configuration list for PBXNativeTarget "ConnectIdeas" */;
			buildPhases = (
				AF7A6FC48836C1CA154A35CB /* [CP] Check Pods Manifest.lock */,
				98959B671E2D4D94005835A2 /* Sources */,
				98959B681E2D4D94005835A2 /* Frameworks */,
				98959B691E2D4D94005835A2 /* Resources */,
				C437843860E0F213DCEF6AC4 /* [CP] Embed Pods Frameworks */,
				40418A3D200E33785CABF0B6 /* [CP] Copy Pods Resources */,
			);
			buildRules = (
			);
			dependencies = (
			);
			name = ConnectIdeas;
			productName = ConnectIdeas;
			productReference = 98959B6B1E2D4D94005835A2 /* ConnectIdeas.app */;
			productType = "com.apple.product-type.application";
		};
/* End PBXNativeTarget section */

/* Begin PBXProject section */
		98959B631E2D4D94005835A2 /* Project object */ = {
			isa = PBXProject;
			attributes = {
				LastSwiftUpdateCheck = 0820;
				LastUpgradeCheck = 0820;
				ORGANIZATIONNAME = "shashank kannam";
				TargetAttributes = {
					98959B6A1E2D4D94005835A2 = {
						CreatedOnToolsVersion = 8.2.1;
						ProvisioningStyle = Automatic;
					};
				};
			};
			buildConfigurationList = 98959B661E2D4D94005835A2 /* Build configuration list for PBXProject "ConnectIdeas" */;
			compatibilityVersion = "Xcode 3.2";
			developmentRegion = English;
			hasScannedForEncodings = 0;
			knownRegions = (
				en,
				Base,
			);
			mainGroup = 98959B621E2D4D94005835A2;
			productRefGroup = 98959B6C1E2D4D94005835A2 /* Products */;
			projectDirPath = "";
			projectRoot = "";
			targets = (
				98959B6A1E2D4D94005835A2 /* ConnectIdeas */,
			);
		};
/* End PBXProject section */

/* Begin PBXResourcesBuildPhase section */
		98959B691E2D4D94005835A2 /* Resources */ = {
			isa = PBXResourcesBuildPhase;
			buildActionMask = 2147483647;
			files = (
				9876973E1E300CC30017E1F0 /* rick_grimes.gif in Resources */,
				98959B791E2D4D94005835A2 /* LaunchScreen.storyboard in Resources */,
				98959B811E2D5DC4005835A2 /* GoogleService-Info.plist in Resources */,
				98959B761E2D4D94005835A2 /* Assets.xcassets in Resources */,
				98959B741E2D4D94005835A2 /* Main.storyboard in Resources */,
			);
			runOnlyForDeploymentPostprocessing = 0;
		};
/* End PBXResourcesBuildPhase section */

/* Begin PBXShellScriptBuildPhase section */
		40418A3D200E33785CABF0B6 /* [CP] Copy Pods Resources */ = {
			isa = PBXShellScriptBuildPhase;
			buildActionMask = 2147483647;
			files = (
			);
			inputPaths = (
			);
			name = "[CP] Copy Pods Resources";
			outputPaths = (
			);
			runOnlyForDeploymentPostprocessing = 0;
			shellPath = /bin/sh;
			shellScript = "\"${SRCROOT}/Pods/Target Support Files/Pods-ConnectIdeas/Pods-ConnectIdeas-resources.sh\"\n";
			showEnvVarsInLog = 0;
		};
		AF7A6FC48836C1CA154A35CB /* [CP] Check Pods Manifest.lock */ = {
			isa = PBXShellScriptBuildPhase;
			buildActionMask = 2147483647;
			files = (
			);
			inputPaths = (
			);
			name = "[CP] Check Pods Manifest.lock";
			outputPaths = (
			);
			runOnlyForDeploymentPostprocessing = 0;
			shellPath = /bin/sh;
			shellScript = "diff \"${PODS_ROOT}/../Podfile.lock\" \"${PODS_ROOT}/Manifest.lock\" > /dev/null\nif [ $? != 0 ] ; then\n    # print error to STDERR\n    echo \"error: The sandbox is not in sync with the Podfile.lock. Run 'pod install' or update your CocoaPods installation.\" >&2\n    exit 1\nfi\n";
			showEnvVarsInLog = 0;
		};
		C437843860E0F213DCEF6AC4 /* [CP] Embed Pods Frameworks */ = {
			isa = PBXShellScriptBuildPhase;
			buildActionMask = 2147483647;
			files = (
			);
			inputPaths = (
			);
			name = "[CP] Embed Pods Frameworks";
			outputPaths = (
			);
			runOnlyForDeploymentPostprocessing = 0;
			shellPath = /bin/sh;
			shellScript = "\"${SRCROOT}/Pods/Target Support Files/Pods-ConnectIdeas/Pods-ConnectIdeas-frameworks.sh\"\n";
			showEnvVarsInLog = 0;
		};
/* End PBXShellScriptBuildPhase section */

/* Begin PBXSourcesBuildPhase section */
		98959B671E2D4D94005835A2 /* Sources */ = {
			isa = PBXSourcesBuildPhase;
			buildActionMask = 2147483647;
			files = (
				98959B861E2D5ED2005835A2 /* CustomView.swift in Sources */,
				98959B711E2D4D94005835A2 /* SignInVC.swift in Sources */,
				987697391E2FD6E60017E1F0 /* PostedTableViewCell.swift in Sources */,
				9876973C1E2FE99A0017E1F0 /* DataService.swift in Sources */,
				987697371E2EAE830017E1F0 /* FeedViewController.swift in Sources */,
				987697401E301A610017E1F0 /* PostData.swift in Sources */,
				98959B6F1E2D4D94005835A2 /* AppDelegate.swift in Sources */,
			);
			runOnlyForDeploymentPostprocessing = 0;
		};
/* End PBXSourcesBuildPhase section */

/* Begin PBXVariantGroup section */
		98959B721E2D4D94005835A2 /* Main.storyboard */ = {
			isa = PBXVariantGroup;
			children = (
				98959B731E2D4D94005835A2 /* Base */,
			);
			name = Main.storyboard;
			sourceTree = "<group>";
		};
		98959B771E2D4D94005835A2 /* LaunchScreen.storyboard */ = {
			isa = PBXVariantGroup;
			children = (
				98959B781E2D4D94005835A2 /* Base */,
			);
			name = LaunchScreen.storyboard;
			sourceTree = "<group>";
		};
/* End PBXVariantGroup section */

/* Begin XCBuildConfiguration section */
		98959B7B1E2D4D94005835A2 /* Debug */ = {
			isa = XCBuildConfiguration;
			buildSettings = {
				ALWAYS_SEARCH_USER_PATHS = NO;
				CLANG_ANALYZER_NONNULL = YES;
				CLANG_CXX_LANGUAGE_STANDARD = "gnu++0x";
				CLANG_CXX_LIBRARY = "libc++";
				CLANG_ENABLE_MODULES = YES;
				CLANG_ENABLE_OBJC_ARC = YES;
				CLANG_WARN_BOOL_CONVERSION = YES;
				CLANG_WARN_CONSTANT_CONVERSION = YES;
				CLANG_WARN_DIRECT_OBJC_ISA_USAGE = YES_ERROR;
				CLANG_WARN_DOCUMENTATION_COMMENTS = YES;
				CLANG_WARN_EMPTY_BODY = YES;
				CLANG_WARN_ENUM_CONVERSION = YES;
				CLANG_WARN_INFINITE_RECURSION = YES;
				CLANG_WARN_INT_CONVERSION = YES;
				CLANG_WARN_OBJC_ROOT_CLASS = YES_ERROR;
				CLANG_WARN_SUSPICIOUS_MOVE = YES;
				CLANG_WARN_UNREACHABLE_CODE = YES;
				CLANG_WARN__DUPLICATE_METHOD_MATCH = YES;
				"CODE_SIGN_IDENTITY[sdk=iphoneos*]" = "iPhone Developer";
				COPY_PHASE_STRIP = NO;
				DEBUG_INFORMATION_FORMAT = dwarf;
				ENABLE_STRICT_OBJC_MSGSEND = YES;
				ENABLE_TESTABILITY = YES;
				GCC_C_LANGUAGE_STANDARD = gnu99;
				GCC_DYNAMIC_NO_PIC = NO;
				GCC_NO_COMMON_BLOCKS = YES;
				GCC_OPTIMIZATION_LEVEL = 0;
				GCC_PREPROCESSOR_DEFINITIONS = (
					"DEBUG=1",
					"$(inherited)",
				);
				GCC_WARN_64_TO_32_BIT_CONVERSION = YES;
				GCC_WARN_ABOUT_RETURN_TYPE = YES_ERROR;
				GCC_WARN_UNDECLARED_SELECTOR = YES;
				GCC_WARN_UNINITIALIZED_AUTOS = YES_AGGRESSIVE;
				GCC_WARN_UNUSED_FUNCTION = YES;
				GCC_WARN_UNUSED_VARIABLE = YES;
				IPHONEOS_DEPLOYMENT_TARGET = 10.2;
				MTL_ENABLE_DEBUG_INFO = YES;
				ONLY_ACTIVE_ARCH = YES;
				SDKROOT = iphoneos;
				SWIFT_ACTIVE_COMPILATION_CONDITIONS = DEBUG;
				SWIFT_OPTIMIZATION_LEVEL = "-Onone";
				TARGETED_DEVICE_FAMILY = "1,2";
			};
			name = Debug;
		};
		98959B7C1E2D4D94005835A2 /* Release */ = {
			isa = XCBuildConfiguration;
			buildSettings = {
				ALWAYS_SEARCH_USER_PATHS = NO;
				CLANG_ANALYZER_NONNULL = YES;
				CLANG_CXX_LANGUAGE_STANDARD = "gnu++0x";
				CLANG_CXX_LIBRARY = "libc++";
				CLANG_ENABLE_MODULES = YES;
				CLANG_ENABLE_OBJC_ARC = YES;
				CLANG_WARN_BOOL_CONVERSION = YES;
				CLANG_WARN_CONSTANT_CONVERSION = YES;
				CLANG_WARN_DIRECT_OBJC_ISA_USAGE = YES_ERROR;
				CLANG_WARN_DOCUMENTATION_COMMENTS = YES;
				CLANG_WARN_EMPTY_BODY = YES;
				CLANG_WARN_ENUM_CONVERSION = YES;
				CLANG_WARN_INFINITE_RECURSION = YES;
				CLANG_WARN_INT_CONVERSION = YES;
				CLANG_WARN_OBJC_ROOT_CLASS = YES_ERROR;
				CLANG_WARN_SUSPICIOUS_MOVE = YES;
				CLANG_WARN_UNREACHABLE_CODE = YES;
				CLANG_WARN__DUPLICATE_METHOD_MATCH = YES;
				"CODE_SIGN_IDENTITY[sdk=iphoneos*]" = "iPhone Developer";
				COPY_PHASE_STRIP = NO;
				DEBUG_INFORMATION_FORMAT = "dwarf-with-dsym";
				ENABLE_NS_ASSERTIONS = NO;
				ENABLE_STRICT_OBJC_MSGSEND = YES;
				GCC_C_LANGUAGE_STANDARD = gnu99;
				GCC_NO_COMMON_BLOCKS = YES;
				GCC_WARN_64_TO_32_BIT_CONVERSION = YES;
				GCC_WARN_ABOUT_RETURN_TYPE = YES_ERROR;
				GCC_WARN_UNDECLARED_SELECTOR = YES;
				GCC_WARN_UNINITIALIZED_AUTOS = YES_AGGRESSIVE;
				GCC_WARN_UNUSED_FUNCTION = YES;
				GCC_WARN_UNUSED_VARIABLE = YES;
				IPHONEOS_DEPLOYMENT_TARGET = 10.2;
				MTL_ENABLE_DEBUG_INFO = NO;
				SDKROOT = iphoneos;
				SWIFT_OPTIMIZATION_LEVEL = "-Owholemodule";
				TARGETED_DEVICE_FAMILY = "1,2";
				VALIDATE_PRODUCT = YES;
			};
			name = Release;
		};
		98959B7E1E2D4D94005835A2 /* Debug */ = {
			isa = XCBuildConfiguration;
			baseConfigurationReference = B2C02367467992116D72334F /* Pods-ConnectIdeas.debug.xcconfig */;
			buildSettings = {
				ASSETCATALOG_COMPILER_APPICON_NAME = AppIcon;
				DEVELOPMENT_TEAM = "";
				FRAMEWORK_SEARCH_PATHS = (
					"$(inherited)",
					"$(PROJECT_DIR)",
				);
				INFOPLIST_FILE = ConnectIdeas/Info.plist;
				LD_RUNPATH_SEARCH_PATHS = "$(inherited) @executable_path/Frameworks";
				PRODUCT_BUNDLE_IDENTIFIER = KS.ConnectIdeas;
				PRODUCT_NAME = "$(TARGET_NAME)";
				SWIFT_VERSION = 3.0;
			};
			name = Debug;
		};
		98959B7F1E2D4D94005835A2 /* Release */ = {
			isa = XCBuildConfiguration;
			baseConfigurationReference = B22D423C8CDCB112A0A9F178 /* Pods-ConnectIdeas.release.xcconfig */;
			buildSettings = {
				ASSETCATALOG_COMPILER_APPICON_NAME = AppIcon;
				DEVELOPMENT_TEAM = "";
				FRAMEWORK_SEARCH_PATHS = (
					"$(inherited)",
					"$(PROJECT_DIR)",
				);
				INFOPLIST_FILE = ConnectIdeas/Info.plist;
				LD_RUNPATH_SEARCH_PATHS = "$(inherited) @executable_path/Frameworks";
				PRODUCT_BUNDLE_IDENTIFIER = KS.ConnectIdeas;
				PRODUCT_NAME = "$(TARGET_NAME)";
				SWIFT_VERSION = 3.0;
			};
			name = Release;
		};
/* End XCBuildConfiguration section */

/* Begin XCConfigurationList section */
		98959B661E2D4D94005835A2 /* Build configuration list for PBXProject "ConnectIdeas" */ = {
			isa = XCConfigurationList;
			buildConfigurations = (
				98959B7B1E2D4D94005835A2 /* Debug */,
				98959B7C1E2D4D94005835A2 /* Release */,
			);
			defaultConfigurationIsVisible = 0;
			defaultConfigurationName = Release;
		};
		98959B7D1E2D4D94005835A2 /* Build configuration list for PBXNativeTarget "ConnectIdeas" */ = {
			isa = XCConfigurationList;
			buildConfigurations = (
				98959B7E1E2D4D94005835A2 /* Debug */,
				98959B7F1E2D4D94005835A2 /* Release */,
			);
			defaultConfigurationIsVisible = 0;
			defaultConfigurationName = Release;
		};
/* End XCConfigurationList section */
	};
	rootObject = 98959B631E2D4D94005835A2 /* Project object */;
}
